// !$*UTF8*$!
{
	archiveVersion = 1;
	classes = {
	};
	objectVersion = 46;
	objects = {

/* Begin PBXBuildFile section */
		61FD9FDF14DCA9BA00161C82 /* as_array.h in Headers */ = {isa = PBXBuildFile; fileRef = 61FD9F9314DCA9BA00161C82 /* as_array.h */; };
		61FD9FE014DCA9BA00161C82 /* as_atomic.cpp in Sources */ = {isa = PBXBuildFile; fileRef = 61FD9F9414DCA9BA00161C82 /* as_atomic.cpp */; };
		61FD9FE114DCA9BA00161C82 /* as_atomic.h in Headers */ = {isa = PBXBuildFile; fileRef = 61FD9F9514DCA9BA00161C82 /* as_atomic.h */; };
		61FD9FE214DCA9BA00161C82 /* as_builder.cpp in Sources */ = {isa = PBXBuildFile; fileRef = 61FD9F9614DCA9BA00161C82 /* as_builder.cpp */; };
		61FD9FE314DCA9BA00161C82 /* as_builder.h in Headers */ = {isa = PBXBuildFile; fileRef = 61FD9F9714DCA9BA00161C82 /* as_builder.h */; };
		61FD9FE414DCA9BA00161C82 /* as_bytecode.cpp in Sources */ = {isa = PBXBuildFile; fileRef = 61FD9F9814DCA9BA00161C82 /* as_bytecode.cpp */; };
		61FD9FE514DCA9BA00161C82 /* as_bytecode.h in Headers */ = {isa = PBXBuildFile; fileRef = 61FD9F9914DCA9BA00161C82 /* as_bytecode.h */; };
		61FD9FE814DCA9BA00161C82 /* as_callfunc_arm_xcode.S in Sources */ = {isa = PBXBuildFile; fileRef = 61FD9F9C14DCA9BA00161C82 /* as_callfunc_arm_xcode.S */; };
		61FD9FE914DCA9BA00161C82 /* as_callfunc_arm.cpp in Sources */ = {isa = PBXBuildFile; fileRef = 61FD9F9D14DCA9BA00161C82 /* as_callfunc_arm.cpp */; };
		61FD9FEA14DCA9BA00161C82 /* as_callfunc_mips.cpp in Sources */ = {isa = PBXBuildFile; fileRef = 61FD9F9E14DCA9BA00161C82 /* as_callfunc_mips.cpp */; };
		61FD9FEB14DCA9BA00161C82 /* as_callfunc_ppc_64.cpp in Sources */ = {isa = PBXBuildFile; fileRef = 61FD9F9F14DCA9BA00161C82 /* as_callfunc_ppc_64.cpp */; };
		61FD9FEC14DCA9BA00161C82 /* as_callfunc_ppc.cpp in Sources */ = {isa = PBXBuildFile; fileRef = 61FD9FA014DCA9BA00161C82 /* as_callfunc_ppc.cpp */; };
		61FD9FED14DCA9BA00161C82 /* as_callfunc_sh4.cpp in Sources */ = {isa = PBXBuildFile; fileRef = 61FD9FA114DCA9BA00161C82 /* as_callfunc_sh4.cpp */; };
		61FD9FEE14DCA9BA00161C82 /* as_callfunc_x64_gcc.cpp in Sources */ = {isa = PBXBuildFile; fileRef = 61FD9FA214DCA9BA00161C82 /* as_callfunc_x64_gcc.cpp */; };
		61FD9FF114DCA9BA00161C82 /* as_callfunc_x86.cpp in Sources */ = {isa = PBXBuildFile; fileRef = 61FD9FA514DCA9BA00161C82 /* as_callfunc_x86.cpp */; };
		61FD9FF214DCA9BA00161C82 /* as_callfunc_xenon.cpp in Sources */ = {isa = PBXBuildFile; fileRef = 61FD9FA614DCA9BA00161C82 /* as_callfunc_xenon.cpp */; };
		61FD9FF314DCA9BA00161C82 /* as_callfunc.cpp in Sources */ = {isa = PBXBuildFile; fileRef = 61FD9FA714DCA9BA00161C82 /* as_callfunc.cpp */; };
		61FD9FF414DCA9BA00161C82 /* as_callfunc.h in Headers */ = {isa = PBXBuildFile; fileRef = 61FD9FA814DCA9BA00161C82 /* as_callfunc.h */; };
		61FD9FF514DCA9BA00161C82 /* as_compiler.cpp in Sources */ = {isa = PBXBuildFile; fileRef = 61FD9FA914DCA9BA00161C82 /* as_compiler.cpp */; };
		61FD9FF614DCA9BA00161C82 /* as_compiler.h in Headers */ = {isa = PBXBuildFile; fileRef = 61FD9FAA14DCA9BA00161C82 /* as_compiler.h */; };
		61FD9FF714DCA9BA00161C82 /* as_config.h in Headers */ = {isa = PBXBuildFile; fileRef = 61FD9FAB14DCA9BA00161C82 /* as_config.h */; };
		61FD9FF814DCA9BA00161C82 /* as_configgroup.cpp in Sources */ = {isa = PBXBuildFile; fileRef = 61FD9FAC14DCA9BA00161C82 /* as_configgroup.cpp */; };
		61FD9FF914DCA9BA00161C82 /* as_configgroup.h in Headers */ = {isa = PBXBuildFile; fileRef = 61FD9FAD14DCA9BA00161C82 /* as_configgroup.h */; };
		61FD9FFA14DCA9BA00161C82 /* as_context.cpp in Sources */ = {isa = PBXBuildFile; fileRef = 61FD9FAE14DCA9BA00161C82 /* as_context.cpp */; };
		61FD9FFB14DCA9BA00161C82 /* as_context.h in Headers */ = {isa = PBXBuildFile; fileRef = 61FD9FAF14DCA9BA00161C82 /* as_context.h */; };
		61FD9FFC14DCA9BA00161C82 /* as_criticalsection.h in Headers */ = {isa = PBXBuildFile; fileRef = 61FD9FB014DCA9BA00161C82 /* as_criticalsection.h */; };
		61FD9FFD14DCA9BA00161C82 /* as_datatype.cpp in Sources */ = {isa = PBXBuildFile; fileRef = 61FD9FB114DCA9BA00161C82 /* as_datatype.cpp */; };
		61FD9FFE14DCA9BA00161C82 /* as_datatype.h in Headers */ = {isa = PBXBuildFile; fileRef = 61FD9FB214DCA9BA00161C82 /* as_datatype.h */; };
		61FD9FFF14DCA9BA00161C82 /* as_debug.h in Headers */ = {isa = PBXBuildFile; fileRef = 61FD9FB314DCA9BA00161C82 /* as_debug.h */; };
		61FDA00014DCA9BA00161C82 /* as_gc.cpp in Sources */ = {isa = PBXBuildFile; fileRef = 61FD9FB414DCA9BA00161C82 /* as_gc.cpp */; };
		61FDA00114DCA9BA00161C82 /* as_gc.h in Headers */ = {isa = PBXBuildFile; fileRef = 61FD9FB514DCA9BA00161C82 /* as_gc.h */; };
		61FDA00214DCA9BA00161C82 /* as_generic.cpp in Sources */ = {isa = PBXBuildFile; fileRef = 61FD9FB614DCA9BA00161C82 /* as_generic.cpp */; };
		61FDA00314DCA9BA00161C82 /* as_generic.h in Headers */ = {isa = PBXBuildFile; fileRef = 61FD9FB714DCA9BA00161C82 /* as_generic.h */; };
		61FDA00414DCA9BA00161C82 /* as_globalproperty.cpp in Sources */ = {isa = PBXBuildFile; fileRef = 61FD9FB814DCA9BA00161C82 /* as_globalproperty.cpp */; };
		61FDA00514DCA9BA00161C82 /* as_map.h in Headers */ = {isa = PBXBuildFile; fileRef = 61FD9FB914DCA9BA00161C82 /* as_map.h */; };
		61FDA00614DCA9BA00161C82 /* as_memory.cpp in Sources */ = {isa = PBXBuildFile; fileRef = 61FD9FBA14DCA9BA00161C82 /* as_memory.cpp */; };
		61FDA00714DCA9BA00161C82 /* as_memory.h in Headers */ = {isa = PBXBuildFile; fileRef = 61FD9FBB14DCA9BA00161C82 /* as_memory.h */; };
		61FDA00814DCA9BA00161C82 /* as_module.cpp in Sources */ = {isa = PBXBuildFile; fileRef = 61FD9FBC14DCA9BA00161C82 /* as_module.cpp */; };
		61FDA00914DCA9BA00161C82 /* as_module.h in Headers */ = {isa = PBXBuildFile; fileRef = 61FD9FBD14DCA9BA00161C82 /* as_module.h */; };
		61FDA00A14DCA9BA00161C82 /* as_objecttype.cpp in Sources */ = {isa = PBXBuildFile; fileRef = 61FD9FBE14DCA9BA00161C82 /* as_objecttype.cpp */; };
		61FDA00B14DCA9BA00161C82 /* as_objecttype.h in Headers */ = {isa = PBXBuildFile; fileRef = 61FD9FBF14DCA9BA00161C82 /* as_objecttype.h */; };
		61FDA00C14DCA9BA00161C82 /* as_outputbuffer.cpp in Sources */ = {isa = PBXBuildFile; fileRef = 61FD9FC014DCA9BA00161C82 /* as_outputbuffer.cpp */; };
		61FDA00D14DCA9BA00161C82 /* as_outputbuffer.h in Headers */ = {isa = PBXBuildFile; fileRef = 61FD9FC114DCA9BA00161C82 /* as_outputbuffer.h */; };
		61FDA00E14DCA9BA00161C82 /* as_parser.cpp in Sources */ = {isa = PBXBuildFile; fileRef = 61FD9FC214DCA9BA00161C82 /* as_parser.cpp */; };
		61FDA00F14DCA9BA00161C82 /* as_parser.h in Headers */ = {isa = PBXBuildFile; fileRef = 61FD9FC314DCA9BA00161C82 /* as_parser.h */; };
		61FDA01014DCA9BA00161C82 /* as_property.h in Headers */ = {isa = PBXBuildFile; fileRef = 61FD9FC414DCA9BA00161C82 /* as_property.h */; };
		61FDA01114DCA9BA00161C82 /* as_restore.cpp in Sources */ = {isa = PBXBuildFile; fileRef = 61FD9FC514DCA9BA00161C82 /* as_restore.cpp */; };
		61FDA01214DCA9BA00161C82 /* as_restore.h in Headers */ = {isa = PBXBuildFile; fileRef = 61FD9FC614DCA9BA00161C82 /* as_restore.h */; };
		61FDA01314DCA9BA00161C82 /* as_scriptcode.cpp in Sources */ = {isa = PBXBuildFile; fileRef = 61FD9FC714DCA9BA00161C82 /* as_scriptcode.cpp */; };
		61FDA01414DCA9BA00161C82 /* as_scriptcode.h in Headers */ = {isa = PBXBuildFile; fileRef = 61FD9FC814DCA9BA00161C82 /* as_scriptcode.h */; };
		61FDA01514DCA9BA00161C82 /* as_scriptengine.cpp in Sources */ = {isa = PBXBuildFile; fileRef = 61FD9FC914DCA9BA00161C82 /* as_scriptengine.cpp */; };
		61FDA01614DCA9BA00161C82 /* as_scriptengine.h in Headers */ = {isa = PBXBuildFile; fileRef = 61FD9FCA14DCA9BA00161C82 /* as_scriptengine.h */; };
		61FDA01714DCA9BA00161C82 /* as_scriptfunction.cpp in Sources */ = {isa = PBXBuildFile; fileRef = 61FD9FCB14DCA9BA00161C82 /* as_scriptfunction.cpp */; };
		61FDA01814DCA9BA00161C82 /* as_scriptfunction.h in Headers */ = {isa = PBXBuildFile; fileRef = 61FD9FCC14DCA9BA00161C82 /* as_scriptfunction.h */; };
		61FDA01914DCA9BA00161C82 /* as_scriptnode.cpp in Sources */ = {isa = PBXBuildFile; fileRef = 61FD9FCD14DCA9BA00161C82 /* as_scriptnode.cpp */; };
		61FDA01A14DCA9BA00161C82 /* as_scriptnode.h in Headers */ = {isa = PBXBuildFile; fileRef = 61FD9FCE14DCA9BA00161C82 /* as_scriptnode.h */; };
		61FDA01B14DCA9BA00161C82 /* as_scriptobject.cpp in Sources */ = {isa = PBXBuildFile; fileRef = 61FD9FCF14DCA9BA00161C82 /* as_scriptobject.cpp */; };
		61FDA01C14DCA9BA00161C82 /* as_scriptobject.h in Headers */ = {isa = PBXBuildFile; fileRef = 61FD9FD014DCA9BA00161C82 /* as_scriptobject.h */; };
		61FDA01D14DCA9BA00161C82 /* as_string_util.cpp in Sources */ = {isa = PBXBuildFile; fileRef = 61FD9FD114DCA9BA00161C82 /* as_string_util.cpp */; };
		61FDA01E14DCA9BA00161C82 /* as_string_util.h in Headers */ = {isa = PBXBuildFile; fileRef = 61FD9FD214DCA9BA00161C82 /* as_string_util.h */; };
		61FDA01F14DCA9BA00161C82 /* as_string.cpp in Sources */ = {isa = PBXBuildFile; fileRef = 61FD9FD314DCA9BA00161C82 /* as_string.cpp */; };
		61FDA02014DCA9BA00161C82 /* as_string.h in Headers */ = {isa = PBXBuildFile; fileRef = 61FD9FD414DCA9BA00161C82 /* as_string.h */; };
		61FDA02114DCA9BA00161C82 /* as_texts.h in Headers */ = {isa = PBXBuildFile; fileRef = 61FD9FD514DCA9BA00161C82 /* as_texts.h */; };
		61FDA02214DCA9BA00161C82 /* as_thread.cpp in Sources */ = {isa = PBXBuildFile; fileRef = 61FD9FD614DCA9BA00161C82 /* as_thread.cpp */; };
		61FDA02314DCA9BA00161C82 /* as_thread.h in Headers */ = {isa = PBXBuildFile; fileRef = 61FD9FD714DCA9BA00161C82 /* as_thread.h */; };
		61FDA02414DCA9BA00161C82 /* as_tokendef.h in Headers */ = {isa = PBXBuildFile; fileRef = 61FD9FD814DCA9BA00161C82 /* as_tokendef.h */; };
		61FDA02514DCA9BA00161C82 /* as_tokenizer.cpp in Sources */ = {isa = PBXBuildFile; fileRef = 61FD9FD914DCA9BA00161C82 /* as_tokenizer.cpp */; };
		61FDA02614DCA9BA00161C82 /* as_tokenizer.h in Headers */ = {isa = PBXBuildFile; fileRef = 61FD9FDA14DCA9BA00161C82 /* as_tokenizer.h */; };
		61FDA02714DCA9BA00161C82 /* as_typeinfo.cpp in Sources */ = {isa = PBXBuildFile; fileRef = 61FD9FDB14DCA9BA00161C82 /* as_typeinfo.cpp */; };
		61FDA02814DCA9BA00161C82 /* as_typeinfo.h in Headers */ = {isa = PBXBuildFile; fileRef = 61FD9FDC14DCA9BA00161C82 /* as_typeinfo.h */; };
		61FDA02914DCA9BA00161C82 /* as_variablescope.cpp in Sources */ = {isa = PBXBuildFile; fileRef = 61FD9FDD14DCA9BA00161C82 /* as_variablescope.cpp */; };
		61FDA02A14DCA9BA00161C82 /* as_variablescope.h in Headers */ = {isa = PBXBuildFile; fileRef = 61FD9FDE14DCA9BA00161C82 /* as_variablescope.h */; };
		AA747D9F0F9514B9006C5449 /* angelscript_Prefix.pch in Headers */ = {isa = PBXBuildFile; fileRef = AA747D9E0F9514B9006C5449 /* angelscript_Prefix.pch */; };
		AACBBE4A0F95108600F1A2B1 /* Foundation.framework in Frameworks */ = {isa = PBXBuildFile; fileRef = AACBBE490F95108600F1A2B1 /* Foundation.framework */; };
/* End PBXBuildFile section */

/* Begin PBXFileReference section */
		61FD9F9314DCA9BA00161C82 /* as_array.h */ = {isa = PBXFileReference; fileEncoding = 4; lastKnownFileType = sourcecode.c.h; name = as_array.h; path = ../../source/as_array.h; sourceTree = SOURCE_ROOT; };
		61FD9F9414DCA9BA00161C82 /* as_atomic.cpp */ = {isa = PBXFileReference; fileEncoding = 4; lastKnownFileType = sourcecode.cpp.cpp; name = as_atomic.cpp; path = ../../source/as_atomic.cpp; sourceTree = SOURCE_ROOT; };
		61FD9F9514DCA9BA00161C82 /* as_atomic.h */ = {isa = PBXFileReference; fileEncoding = 4; lastKnownFileType = sourcecode.c.h; name = as_atomic.h; path = ../../source/as_atomic.h; sourceTree = SOURCE_ROOT; };
		61FD9F9614DCA9BA00161C82 /* as_builder.cpp */ = {isa = PBXFileReference; fileEncoding = 4; lastKnownFileType = sourcecode.cpp.cpp; name = as_builder.cpp; path = ../../source/as_builder.cpp; sourceTree = SOURCE_ROOT; };
		61FD9F9714DCA9BA00161C82 /* as_builder.h */ = {isa = PBXFileReference; fileEncoding = 4; lastKnownFileType = sourcecode.c.h; name = as_builder.h; path = ../../source/as_builder.h; sourceTree = SOURCE_ROOT; };
		61FD9F9814DCA9BA00161C82 /* as_bytecode.cpp */ = {isa = PBXFileReference; fileEncoding = 4; lastKnownFileType = sourcecode.cpp.cpp; name = as_bytecode.cpp; path = ../../source/as_bytecode.cpp; sourceTree = SOURCE_ROOT; };
		61FD9F9914DCA9BA00161C82 /* as_bytecode.h */ = {isa = PBXFileReference; fileEncoding = 4; lastKnownFileType = sourcecode.c.h; name = as_bytecode.h; path = ../../source/as_bytecode.h; sourceTree = SOURCE_ROOT; };
		61FD9F9C14DCA9BA00161C82 /* as_callfunc_arm_xcode.S */ = {isa = PBXFileReference; fileEncoding = 4; lastKnownFileType = sourcecode.asm; name = as_callfunc_arm_xcode.S; path = ../../source/as_callfunc_arm_xcode.S; sourceTree = SOURCE_ROOT; };
		61FD9F9D14DCA9BA00161C82 /* as_callfunc_arm.cpp */ = {isa = PBXFileReference; fileEncoding = 4; lastKnownFileType = sourcecode.cpp.cpp; name = as_callfunc_arm.cpp; path = ../../source/as_callfunc_arm.cpp; sourceTree = SOURCE_ROOT; };
		61FD9F9E14DCA9BA00161C82 /* as_callfunc_mips.cpp */ = {isa = PBXFileReference; fileEncoding = 4; lastKnownFileType = sourcecode.cpp.cpp; name = as_callfunc_mips.cpp; path = ../../source/as_callfunc_mips.cpp; sourceTree = SOURCE_ROOT; };
		61FD9F9F14DCA9BA00161C82 /* as_callfunc_ppc_64.cpp */ = {isa = PBXFileReference; fileEncoding = 4; lastKnownFileType = sourcecode.cpp.cpp; name = as_callfunc_ppc_64.cpp; path = ../../source/as_callfunc_ppc_64.cpp; sourceTree = SOURCE_ROOT; };
		61FD9FA014DCA9BA00161C82 /* as_callfunc_ppc.cpp */ = {isa = PBXFileReference; fileEncoding = 4; lastKnownFileType = sourcecode.cpp.cpp; name = as_callfunc_ppc.cpp; path = ../../source/as_callfunc_ppc.cpp; sourceTree = SOURCE_ROOT; };
		61FD9FA114DCA9BA00161C82 /* as_callfunc_sh4.cpp */ = {isa = PBXFileReference; fileEncoding = 4; lastKnownFileType = sourcecode.cpp.cpp; name = as_callfunc_sh4.cpp; path = ../../source/as_callfunc_sh4.cpp; sourceTree = SOURCE_ROOT; };
		61FD9FA214DCA9BA00161C82 /* as_callfunc_x64_gcc.cpp */ = {isa = PBXFileReference; fileEncoding = 4; lastKnownFileType = sourcecode.cpp.cpp; name = as_callfunc_x64_gcc.cpp; path = ../../source/as_callfunc_x64_gcc.cpp; sourceTree = SOURCE_ROOT; };
		61FD9FA514DCA9BA00161C82 /* as_callfunc_x86.cpp */ = {isa = PBXFileReference; fileEncoding = 4; lastKnownFileType = sourcecode.cpp.cpp; name = as_callfunc_x86.cpp; path = ../../source/as_callfunc_x86.cpp; sourceTree = SOURCE_ROOT; };
		61FD9FA614DCA9BA00161C82 /* as_callfunc_xenon.cpp */ = {isa = PBXFileReference; fileEncoding = 4; lastKnownFileType = sourcecode.cpp.cpp; name = as_callfunc_xenon.cpp; path = ../../source/as_callfunc_xenon.cpp; sourceTree = SOURCE_ROOT; };
		61FD9FA714DCA9BA00161C82 /* as_callfunc.cpp */ = {isa = PBXFileReference; fileEncoding = 4; lastKnownFileType = sourcecode.cpp.cpp; name = as_callfunc.cpp; path = ../../source/as_callfunc.cpp; sourceTree = SOURCE_ROOT; };
		61FD9FA814DCA9BA00161C82 /* as_callfunc.h */ = {isa = PBXFileReference; fileEncoding = 4; lastKnownFileType = sourcecode.c.h; name = as_callfunc.h; path = ../../source/as_callfunc.h; sourceTree = SOURCE_ROOT; };
		61FD9FA914DCA9BA00161C82 /* as_compiler.cpp */ = {isa = PBXFileReference; fileEncoding = 4; lastKnownFileType = sourcecode.cpp.cpp; name = as_compiler.cpp; path = ../../source/as_compiler.cpp; sourceTree = SOURCE_ROOT; };
		61FD9FAA14DCA9BA00161C82 /* as_compiler.h */ = {isa = PBXFileReference; fileEncoding = 4; lastKnownFileType = sourcecode.c.h; name = as_compiler.h; path = ../../source/as_compiler.h; sourceTree = SOURCE_ROOT; };
		61FD9FAB14DCA9BA00161C82 /* as_config.h */ = {isa = PBXFileReference; fileEncoding = 4; lastKnownFileType = sourcecode.c.h; name = as_config.h; path = ../../source/as_config.h; sourceTree = SOURCE_ROOT; };
		61FD9FAC14DCA9BA00161C82 /* as_configgroup.cpp */ = {isa = PBXFileReference; fileEncoding = 4; lastKnownFileType = sourcecode.cpp.cpp; name = as_configgroup.cpp; path = ../../source/as_configgroup.cpp; sourceTree = SOURCE_ROOT; };
		61FD9FAD14DCA9BA00161C82 /* as_configgroup.h */ = {isa = PBXFileReference; fileEncoding = 4; lastKnownFileType = sourcecode.c.h; name = as_configgroup.h; path = ../../source/as_configgroup.h; sourceTree = SOURCE_ROOT; };
		61FD9FAE14DCA9BA00161C82 /* as_context.cpp */ = {isa = PBXFileReference; fileEncoding = 4; lastKnownFileType = sourcecode.cpp.cpp; name = as_context.cpp; path = ../../source/as_context.cpp; sourceTree = SOURCE_ROOT; };
		61FD9FAF14DCA9BA00161C82 /* as_context.h */ = {isa = PBXFileReference; fileEncoding = 4; lastKnownFileType = sourcecode.c.h; name = as_context.h; path = ../../source/as_context.h; sourceTree = SOURCE_ROOT; };
		61FD9FB014DCA9BA00161C82 /* as_criticalsection.h */ = {isa = PBXFileReference; fileEncoding = 4; lastKnownFileType = sourcecode.c.h; name = as_criticalsection.h; path = ../../source/as_criticalsection.h; sourceTree = SOURCE_ROOT; };
		61FD9FB114DCA9BA00161C82 /* as_datatype.cpp */ = {isa = PBXFileReference; fileEncoding = 4; lastKnownFileType = sourcecode.cpp.cpp; name = as_datatype.cpp; path = ../../source/as_datatype.cpp; sourceTree = SOURCE_ROOT; };
		61FD9FB214DCA9BA00161C82 /* as_datatype.h */ = {isa = PBXFileReference; fileEncoding = 4; lastKnownFileType = sourcecode.c.h; name = as_datatype.h; path = ../../source/as_datatype.h; sourceTree = SOURCE_ROOT; };
		61FD9FB314DCA9BA00161C82 /* as_debug.h */ = {isa = PBXFileReference; fileEncoding = 4; lastKnownFileType = sourcecode.c.h; name = as_debug.h; path = ../../source/as_debug.h; sourceTree = SOURCE_ROOT; };
		61FD9FB414DCA9BA00161C82 /* as_gc.cpp */ = {isa = PBXFileReference; fileEncoding = 4; lastKnownFileType = sourcecode.cpp.cpp; name = as_gc.cpp; path = ../../source/as_gc.cpp; sourceTree = SOURCE_ROOT; };
		61FD9FB514DCA9BA00161C82 /* as_gc.h */ = {isa = PBXFileReference; fileEncoding = 4; lastKnownFileType = sourcecode.c.h; name = as_gc.h; path = ../../source/as_gc.h; sourceTree = SOURCE_ROOT; };
		61FD9FB614DCA9BA00161C82 /* as_generic.cpp */ = {isa = PBXFileReference; fileEncoding = 4; lastKnownFileType = sourcecode.cpp.cpp; name = as_generic.cpp; path = ../../source/as_generic.cpp; sourceTree = SOURCE_ROOT; };
		61FD9FB714DCA9BA00161C82 /* as_generic.h */ = {isa = PBXFileReference; fileEncoding = 4; lastKnownFileType = sourcecode.c.h; name = as_generic.h; path = ../../source/as_generic.h; sourceTree = SOURCE_ROOT; };
		61FD9FB814DCA9BA00161C82 /* as_globalproperty.cpp */ = {isa = PBXFileReference; fileEncoding = 4; lastKnownFileType = sourcecode.cpp.cpp; name = as_globalproperty.cpp; path = ../../source/as_globalproperty.cpp; sourceTree = SOURCE_ROOT; };
		61FD9FB914DCA9BA00161C82 /* as_map.h */ = {isa = PBXFileReference; fileEncoding = 4; lastKnownFileType = sourcecode.c.h; name = as_map.h; path = ../../source/as_map.h; sourceTree = SOURCE_ROOT; };
		61FD9FBA14DCA9BA00161C82 /* as_memory.cpp */ = {isa = PBXFileReference; fileEncoding = 4; lastKnownFileType = sourcecode.cpp.cpp; name = as_memory.cpp; path = ../../source/as_memory.cpp; sourceTree = SOURCE_ROOT; };
		61FD9FBB14DCA9BA00161C82 /* as_memory.h */ = {isa = PBXFileReference; fileEncoding = 4; lastKnownFileType = sourcecode.c.h; name = as_memory.h; path = ../../source/as_memory.h; sourceTree = SOURCE_ROOT; };
		61FD9FBC14DCA9BA00161C82 /* as_module.cpp */ = {isa = PBXFileReference; fileEncoding = 4; lastKnownFileType = sourcecode.cpp.cpp; name = as_module.cpp; path = ../../source/as_module.cpp; sourceTree = SOURCE_ROOT; };
		61FD9FBD14DCA9BA00161C82 /* as_module.h */ = {isa = PBXFileReference; fileEncoding = 4; lastKnownFileType = sourcecode.c.h; name = as_module.h; path = ../../source/as_module.h; sourceTree = SOURCE_ROOT; };
		61FD9FBE14DCA9BA00161C82 /* as_objecttype.cpp */ = {isa = PBXFileReference; fileEncoding = 4; lastKnownFileType = sourcecode.cpp.cpp; name = as_objecttype.cpp; path = ../../source/as_objecttype.cpp; sourceTree = SOURCE_ROOT; };
		61FD9FBF14DCA9BA00161C82 /* as_objecttype.h */ = {isa = PBXFileReference; fileEncoding = 4; lastKnownFileType = sourcecode.c.h; name = as_objecttype.h; path = ../../source/as_objecttype.h; sourceTree = SOURCE_ROOT; };
		61FD9FC014DCA9BA00161C82 /* as_outputbuffer.cpp */ = {isa = PBXFileReference; fileEncoding = 4; lastKnownFileType = sourcecode.cpp.cpp; name = as_outputbuffer.cpp; path = ../../source/as_outputbuffer.cpp; sourceTree = SOURCE_ROOT; };
		61FD9FC114DCA9BA00161C82 /* as_outputbuffer.h */ = {isa = PBXFileReference; fileEncoding = 4; lastKnownFileType = sourcecode.c.h; name = as_outputbuffer.h; path = ../../source/as_outputbuffer.h; sourceTree = SOURCE_ROOT; };
		61FD9FC214DCA9BA00161C82 /* as_parser.cpp */ = {isa = PBXFileReference; fileEncoding = 4; lastKnownFileType = sourcecode.cpp.cpp; name = as_parser.cpp; path = ../../source/as_parser.cpp; sourceTree = SOURCE_ROOT; };
		61FD9FC314DCA9BA00161C82 /* as_parser.h */ = {isa = PBXFileReference; fileEncoding = 4; lastKnownFileType = sourcecode.c.h; name = as_parser.h; path = ../../source/as_parser.h; sourceTree = SOURCE_ROOT; };
		61FD9FC414DCA9BA00161C82 /* as_property.h */ = {isa = PBXFileReference; fileEncoding = 4; lastKnownFileType = sourcecode.c.h; name = as_property.h; path = ../../source/as_property.h; sourceTree = SOURCE_ROOT; };
		61FD9FC514DCA9BA00161C82 /* as_restore.cpp */ = {isa = PBXFileReference; fileEncoding = 4; lastKnownFileType = sourcecode.cpp.cpp; name = as_restore.cpp; path = ../../source/as_restore.cpp; sourceTree = SOURCE_ROOT; };
		61FD9FC614DCA9BA00161C82 /* as_restore.h */ = {isa = PBXFileReference; fileEncoding = 4; lastKnownFileType = sourcecode.c.h; name = as_restore.h; path = ../../source/as_restore.h; sourceTree = SOURCE_ROOT; };
		61FD9FC714DCA9BA00161C82 /* as_scriptcode.cpp */ = {isa = PBXFileReference; fileEncoding = 4; lastKnownFileType = sourcecode.cpp.cpp; name = as_scriptcode.cpp; path = ../../source/as_scriptcode.cpp; sourceTree = SOURCE_ROOT; };
		61FD9FC814DCA9BA00161C82 /* as_scriptcode.h */ = {isa = PBXFileReference; fileEncoding = 4; lastKnownFileType = sourcecode.c.h; name = as_scriptcode.h; path = ../../source/as_scriptcode.h; sourceTree = SOURCE_ROOT; };
		61FD9FC914DCA9BA00161C82 /* as_scriptengine.cpp */ = {isa = PBXFileReference; fileEncoding = 4; lastKnownFileType = sourcecode.cpp.cpp; name = as_scriptengine.cpp; path = ../../source/as_scriptengine.cpp; sourceTree = SOURCE_ROOT; };
		61FD9FCA14DCA9BA00161C82 /* as_scriptengine.h */ = {isa = PBXFileReference; fileEncoding = 4; lastKnownFileType = sourcecode.c.h; name = as_scriptengine.h; path = ../../source/as_scriptengine.h; sourceTree = SOURCE_ROOT; };
		61FD9FCB14DCA9BA00161C82 /* as_scriptfunction.cpp */ = {isa = PBXFileReference; fileEncoding = 4; lastKnownFileType = sourcecode.cpp.cpp; name = as_scriptfunction.cpp; path = ../../source/as_scriptfunction.cpp; sourceTree = SOURCE_ROOT; };
		61FD9FCC14DCA9BA00161C82 /* as_scriptfunction.h */ = {isa = PBXFileReference; fileEncoding = 4; lastKnownFileType = sourcecode.c.h; name = as_scriptfunction.h; path = ../../source/as_scriptfunction.h; sourceTree = SOURCE_ROOT; };
		61FD9FCD14DCA9BA00161C82 /* as_scriptnode.cpp */ = {isa = PBXFileReference; fileEncoding = 4; lastKnownFileType = sourcecode.cpp.cpp; name = as_scriptnode.cpp; path = ../../source/as_scriptnode.cpp; sourceTree = SOURCE_ROOT; };
		61FD9FCE14DCA9BA00161C82 /* as_scriptnode.h */ = {isa = PBXFileReference; fileEncoding = 4; lastKnownFileType = sourcecode.c.h; name = as_scriptnode.h; path = ../../source/as_scriptnode.h; sourceTree = SOURCE_ROOT; };
		61FD9FCF14DCA9BA00161C82 /* as_scriptobject.cpp */ = {isa = PBXFileReference; fileEncoding = 4; lastKnownFileType = sourcecode.cpp.cpp; name = as_scriptobject.cpp; path = ../../source/as_scriptobject.cpp; sourceTree = SOURCE_ROOT; };
		61FD9FD014DCA9BA00161C82 /* as_scriptobject.h */ = {isa = PBXFileReference; fileEncoding = 4; lastKnownFileType = sourcecode.c.h; name = as_scriptobject.h; path = ../../source/as_scriptobject.h; sourceTree = SOURCE_ROOT; };
		61FD9FD114DCA9BA00161C82 /* as_string_util.cpp */ = {isa = PBXFileReference; fileEncoding = 4; lastKnownFileType = sourcecode.cpp.cpp; name = as_string_util.cpp; path = ../../source/as_string_util.cpp; sourceTree = SOURCE_ROOT; };
		61FD9FD214DCA9BA00161C82 /* as_string_util.h */ = {isa = PBXFileReference; fileEncoding = 4; lastKnownFileType = sourcecode.c.h; name = as_string_util.h; path = ../../source/as_string_util.h; sourceTree = SOURCE_ROOT; };
		61FD9FD314DCA9BA00161C82 /* as_string.cpp */ = {isa = PBXFileReference; fileEncoding = 4; lastKnownFileType = sourcecode.cpp.cpp; name = as_string.cpp; path = ../../source/as_string.cpp; sourceTree = SOURCE_ROOT; };
		61FD9FD414DCA9BA00161C82 /* as_string.h */ = {isa = PBXFileReference; fileEncoding = 4; lastKnownFileType = sourcecode.c.h; name = as_string.h; path = ../../source/as_string.h; sourceTree = SOURCE_ROOT; };
		61FD9FD514DCA9BA00161C82 /* as_texts.h */ = {isa = PBXFileReference; fileEncoding = 4; lastKnownFileType = sourcecode.c.h; name = as_texts.h; path = ../../source/as_texts.h; sourceTree = SOURCE_ROOT; };
		61FD9FD614DCA9BA00161C82 /* as_thread.cpp */ = {isa = PBXFileReference; fileEncoding = 4; lastKnownFileType = sourcecode.cpp.cpp; name = as_thread.cpp; path = ../../source/as_thread.cpp; sourceTree = SOURCE_ROOT; };
		61FD9FD714DCA9BA00161C82 /* as_thread.h */ = {isa = PBXFileReference; fileEncoding = 4; lastKnownFileType = sourcecode.c.h; name = as_thread.h; path = ../../source/as_thread.h; sourceTree = SOURCE_ROOT; };
		61FD9FD814DCA9BA00161C82 /* as_tokendef.h */ = {isa = PBXFileReference; fileEncoding = 4; lastKnownFileType = sourcecode.c.h; name = as_tokendef.h; path = ../../source/as_tokendef.h; sourceTree = SOURCE_ROOT; };
		61FD9FD914DCA9BA00161C82 /* as_tokenizer.cpp */ = {isa = PBXFileReference; fileEncoding = 4; lastKnownFileType = sourcecode.cpp.cpp; name = as_tokenizer.cpp; path = ../../source/as_tokenizer.cpp; sourceTree = SOURCE_ROOT; };
		61FD9FDA14DCA9BA00161C82 /* as_tokenizer.h */ = {isa = PBXFileReference; fileEncoding = 4; lastKnownFileType = sourcecode.c.h; name = as_tokenizer.h; path = ../../source/as_tokenizer.h; sourceTree = SOURCE_ROOT; };
		61FD9FDB14DCA9BA00161C82 /* as_typeinfo.cpp */ = {isa = PBXFileReference; fileEncoding = 4; lastKnownFileType = sourcecode.cpp.cpp; name = as_typeinfo.cpp; path = ../../source/as_typeinfo.cpp; sourceTree = SOURCE_ROOT; };
		61FD9FDC14DCA9BA00161C82 /* as_typeinfo.h */ = {isa = PBXFileReference; fileEncoding = 4; lastKnownFileType = sourcecode.c.h; name = as_typeinfo.h; path = ../../source/as_typeinfo.h; sourceTree = SOURCE_ROOT; };
		61FD9FDD14DCA9BA00161C82 /* as_variablescope.cpp */ = {isa = PBXFileReference; fileEncoding = 4; lastKnownFileType = sourcecode.cpp.cpp; name = as_variablescope.cpp; path = ../../source/as_variablescope.cpp; sourceTree = SOURCE_ROOT; };
		61FD9FDE14DCA9BA00161C82 /* as_variablescope.h */ = {isa = PBXFileReference; fileEncoding = 4; lastKnownFileType = sourcecode.c.h; name = as_variablescope.h; path = ../../source/as_variablescope.h; sourceTree = SOURCE_ROOT; };
		AA747D9E0F9514B9006C5449 /* angelscript_Prefix.pch */ = {isa = PBXFileReference; fileEncoding = 4; lastKnownFileType = sourcecode.c.h; path = angelscript_Prefix.pch; sourceTree = SOURCE_ROOT; };
		AACBBE490F95108600F1A2B1 /* Foundation.framework */ = {isa = PBXFileReference; lastKnownFileType = wrapper.framework; name = Foundation.framework; path = System/Library/Frameworks/Foundation.framework; sourceTree = SDKROOT; };
		D2AAC07E0554694100DB518D /* libangelscript.a */ = {isa = PBXFileReference; explicitFileType = archive.ar; includeInIndex = 0; path = libangelscript.a; sourceTree = BUILT_PRODUCTS_DIR; };
/* End PBXFileReference section */

/* Begin PBXFrameworksBuildPhase section */
		D2AAC07C0554694100DB518D /* Frameworks */ = {
			isa = PBXFrameworksBuildPhase;
			buildActionMask = 2147483647;
			files = (
				AACBBE4A0F95108600F1A2B1 /* Foundation.framework in Frameworks */,
			);
			runOnlyForDeploymentPostprocessing = 0;
		};
/* End PBXFrameworksBuildPhase section */

/* Begin PBXGroup section */
		034768DFFF38A50411DB9C8B /* Products */ = {
			isa = PBXGroup;
			children = (
				D2AAC07E0554694100DB518D /* libangelscript.a */,
			);
			name = Products;
			sourceTree = "<group>";
		};
		0867D691FE84028FC02AAC07 /* angelscript */ = {
			isa = PBXGroup;
			children = (
				08FB77AEFE84172EC02AAC07 /* Classes */,
				32C88DFF0371C24200C91783 /* Other Sources */,
				0867D69AFE84028FC02AAC07 /* Frameworks */,
				034768DFFF38A50411DB9C8B /* Products */,
			);
			name = angelscript;
			sourceTree = "<group>";
		};
		0867D69AFE84028FC02AAC07 /* Frameworks */ = {
			isa = PBXGroup;
			children = (
				AACBBE490F95108600F1A2B1 /* Foundation.framework */,
			);
			name = Frameworks;
			sourceTree = "<group>";
		};
		08FB77AEFE84172EC02AAC07 /* Classes */ = {
			isa = PBXGroup;
			children = (
			);
			name = Classes;
			sourceTree = "<group>";
		};
		32C88DFF0371C24200C91783 /* Other Sources */ = {
			isa = PBXGroup;
			children = (
				61FD9F9314DCA9BA00161C82 /* as_array.h */,
				61FD9F9414DCA9BA00161C82 /* as_atomic.cpp */,
				61FD9F9514DCA9BA00161C82 /* as_atomic.h */,
				61FD9F9614DCA9BA00161C82 /* as_builder.cpp */,
				61FD9F9714DCA9BA00161C82 /* as_builder.h */,
				61FD9F9814DCA9BA00161C82 /* as_bytecode.cpp */,
				61FD9F9914DCA9BA00161C82 /* as_bytecode.h */,
				61FD9F9C14DCA9BA00161C82 /* as_callfunc_arm_xcode.S */,
				61FD9F9D14DCA9BA00161C82 /* as_callfunc_arm.cpp */,
				61FD9F9E14DCA9BA00161C82 /* as_callfunc_mips.cpp */,
				61FD9F9F14DCA9BA00161C82 /* as_callfunc_ppc_64.cpp */,
				61FD9FA014DCA9BA00161C82 /* as_callfunc_ppc.cpp */,
				61FD9FA114DCA9BA00161C82 /* as_callfunc_sh4.cpp */,
				61FD9FA214DCA9BA00161C82 /* as_callfunc_x64_gcc.cpp */,
				61FD9FA514DCA9BA00161C82 /* as_callfunc_x86.cpp */,
				61FD9FA614DCA9BA00161C82 /* as_callfunc_xenon.cpp */,
				61FD9FA714DCA9BA00161C82 /* as_callfunc.cpp */,
				61FD9FA814DCA9BA00161C82 /* as_callfunc.h */,
				61FD9FA914DCA9BA00161C82 /* as_compiler.cpp */,
				61FD9FAA14DCA9BA00161C82 /* as_compiler.h */,
				61FD9FAB14DCA9BA00161C82 /* as_config.h */,
				61FD9FAC14DCA9BA00161C82 /* as_configgroup.cpp */,
				61FD9FAD14DCA9BA00161C82 /* as_configgroup.h */,
				61FD9FAE14DCA9BA00161C82 /* as_context.cpp */,
				61FD9FAF14DCA9BA00161C82 /* as_context.h */,
				61FD9FB014DCA9BA00161C82 /* as_criticalsection.h */,
				61FD9FB114DCA9BA00161C82 /* as_datatype.cpp */,
				61FD9FB214DCA9BA00161C82 /* as_datatype.h */,
				61FD9FB314DCA9BA00161C82 /* as_debug.h */,
				61FD9FB414DCA9BA00161C82 /* as_gc.cpp */,
				61FD9FB514DCA9BA00161C82 /* as_gc.h */,
				61FD9FB614DCA9BA00161C82 /* as_generic.cpp */,
				61FD9FB714DCA9BA00161C82 /* as_generic.h */,
				61FD9FB814DCA9BA00161C82 /* as_globalproperty.cpp */,
				61FD9FB914DCA9BA00161C82 /* as_map.h */,
				61FD9FBA14DCA9BA00161C82 /* as_memory.cpp */,
				61FD9FBB14DCA9BA00161C82 /* as_memory.h */,
				61FD9FBC14DCA9BA00161C82 /* as_module.cpp */,
				61FD9FBD14DCA9BA00161C82 /* as_module.h */,
				61FD9FBE14DCA9BA00161C82 /* as_objecttype.cpp */,
				61FD9FBF14DCA9BA00161C82 /* as_objecttype.h */,
				61FD9FC014DCA9BA00161C82 /* as_outputbuffer.cpp */,
				61FD9FC114DCA9BA00161C82 /* as_outputbuffer.h */,
				61FD9FC214DCA9BA00161C82 /* as_parser.cpp */,
				61FD9FC314DCA9BA00161C82 /* as_parser.h */,
				61FD9FC414DCA9BA00161C82 /* as_property.h */,
				61FD9FC514DCA9BA00161C82 /* as_restore.cpp */,
				61FD9FC614DCA9BA00161C82 /* as_restore.h */,
				61FD9FC714DCA9BA00161C82 /* as_scriptcode.cpp */,
				61FD9FC814DCA9BA00161C82 /* as_scriptcode.h */,
				61FD9FC914DCA9BA00161C82 /* as_scriptengine.cpp */,
				61FD9FCA14DCA9BA00161C82 /* as_scriptengine.h */,
				61FD9FCB14DCA9BA00161C82 /* as_scriptfunction.cpp */,
				61FD9FCC14DCA9BA00161C82 /* as_scriptfunction.h */,
				61FD9FCD14DCA9BA00161C82 /* as_scriptnode.cpp */,
				61FD9FCE14DCA9BA00161C82 /* as_scriptnode.h */,
				61FD9FCF14DCA9BA00161C82 /* as_scriptobject.cpp */,
				61FD9FD014DCA9BA00161C82 /* as_scriptobject.h */,
				61FD9FD114DCA9BA00161C82 /* as_string_util.cpp */,
				61FD9FD214DCA9BA00161C82 /* as_string_util.h */,
				61FD9FD314DCA9BA00161C82 /* as_string.cpp */,
				61FD9FD414DCA9BA00161C82 /* as_string.h */,
				61FD9FD514DCA9BA00161C82 /* as_texts.h */,
				61FD9FD614DCA9BA00161C82 /* as_thread.cpp */,
				61FD9FD714DCA9BA00161C82 /* as_thread.h */,
				61FD9FD814DCA9BA00161C82 /* as_tokendef.h */,
				61FD9FD914DCA9BA00161C82 /* as_tokenizer.cpp */,
				61FD9FDA14DCA9BA00161C82 /* as_tokenizer.h */,
				61FD9FDB14DCA9BA00161C82 /* as_typeinfo.cpp */,
				61FD9FDC14DCA9BA00161C82 /* as_typeinfo.h */,
				61FD9FDD14DCA9BA00161C82 /* as_variablescope.cpp */,
				61FD9FDE14DCA9BA00161C82 /* as_variablescope.h */,
				AA747D9E0F9514B9006C5449 /* angelscript_Prefix.pch */,
			);
			name = "Other Sources";
			sourceTree = "<group>";
		};
/* End PBXGroup section */

/* Begin PBXHeadersBuildPhase section */
		D2AAC07A0554694100DB518D /* Headers */ = {
			isa = PBXHeadersBuildPhase;
			buildActionMask = 2147483647;
			files = (
				AA747D9F0F9514B9006C5449 /* angelscript_Prefix.pch in Headers */,
				61FD9FDF14DCA9BA00161C82 /* as_array.h in Headers */,
				61FD9FE114DCA9BA00161C82 /* as_atomic.h in Headers */,
				61FD9FE314DCA9BA00161C82 /* as_builder.h in Headers */,
				61FD9FE514DCA9BA00161C82 /* as_bytecode.h in Headers */,
				61FD9FF414DCA9BA00161C82 /* as_callfunc.h in Headers */,
				61FD9FF614DCA9BA00161C82 /* as_compiler.h in Headers */,
				61FD9FF714DCA9BA00161C82 /* as_config.h in Headers */,
				61FD9FF914DCA9BA00161C82 /* as_configgroup.h in Headers */,
				61FD9FFB14DCA9BA00161C82 /* as_context.h in Headers */,
				61FD9FFC14DCA9BA00161C82 /* as_criticalsection.h in Headers */,
				61FD9FFE14DCA9BA00161C82 /* as_datatype.h in Headers */,
				61FD9FFF14DCA9BA00161C82 /* as_debug.h in Headers */,
				61FDA00114DCA9BA00161C82 /* as_gc.h in Headers */,
				61FDA00314DCA9BA00161C82 /* as_generic.h in Headers */,
				61FDA00514DCA9BA00161C82 /* as_map.h in Headers */,
				61FDA00714DCA9BA00161C82 /* as_memory.h in Headers */,
				61FDA00914DCA9BA00161C82 /* as_module.h in Headers */,
				61FDA00B14DCA9BA00161C82 /* as_objecttype.h in Headers */,
				61FDA00D14DCA9BA00161C82 /* as_outputbuffer.h in Headers */,
				61FDA00F14DCA9BA00161C82 /* as_parser.h in Headers */,
				61FDA01014DCA9BA00161C82 /* as_property.h in Headers */,
				61FDA01214DCA9BA00161C82 /* as_restore.h in Headers */,
				61FDA01414DCA9BA00161C82 /* as_scriptcode.h in Headers */,
				61FDA01614DCA9BA00161C82 /* as_scriptengine.h in Headers */,
				61FDA01814DCA9BA00161C82 /* as_scriptfunction.h in Headers */,
				61FDA01A14DCA9BA00161C82 /* as_scriptnode.h in Headers */,
				61FDA01C14DCA9BA00161C82 /* as_scriptobject.h in Headers */,
				61FDA01E14DCA9BA00161C82 /* as_string_util.h in Headers */,
				61FDA02014DCA9BA00161C82 /* as_string.h in Headers */,
				61FDA02114DCA9BA00161C82 /* as_texts.h in Headers */,
				61FDA02314DCA9BA00161C82 /* as_thread.h in Headers */,
				61FDA02414DCA9BA00161C82 /* as_tokendef.h in Headers */,
				61FDA02614DCA9BA00161C82 /* as_tokenizer.h in Headers */,
				61FDA02814DCA9BA00161C82 /* as_typeinfo.h in Headers */,
				61FDA02A14DCA9BA00161C82 /* as_variablescope.h in Headers */,
			);
			runOnlyForDeploymentPostprocessing = 0;
		};
/* End PBXHeadersBuildPhase section */

/* Begin PBXNativeTarget section */
		D2AAC07D0554694100DB518D /* angelscript */ = {
			isa = PBXNativeTarget;
			buildConfigurationList = 1DEB921E08733DC00010E9CD /* Build configuration list for PBXNativeTarget "angelscript" */;
			buildPhases = (
				D2AAC07A0554694100DB518D /* Headers */,
				D2AAC07B0554694100DB518D /* Sources */,
				D2AAC07C0554694100DB518D /* Frameworks */,
			);
			buildRules = (
			);
			dependencies = (
			);
			name = angelscript;
			productName = angelscript;
			productReference = D2AAC07E0554694100DB518D /* libangelscript.a */;
			productType = "com.apple.product-type.library.static";
		};
/* End PBXNativeTarget section */

/* Begin PBXProject section */
		0867D690FE84028FC02AAC07 /* Project object */ = {
			isa = PBXProject;
			buildConfigurationList = 1DEB922208733DC00010E9CD /* Build configuration list for PBXProject "angelscript" */;
			compatibilityVersion = "Xcode 3.2";
			developmentRegion = English;
			hasScannedForEncodings = 1;
			knownRegions = (
				English,
				Japanese,
				French,
				German,
			);
			mainGroup = 0867D691FE84028FC02AAC07 /* angelscript */;
			productRefGroup = 034768DFFF38A50411DB9C8B /* Products */;
			projectDirPath = "";
			projectRoot = "";
			targets = (
				D2AAC07D0554694100DB518D /* angelscript */,
			);
		};
/* End PBXProject section */

/* Begin PBXSourcesBuildPhase section */
		D2AAC07B0554694100DB518D /* Sources */ = {
			isa = PBXSourcesBuildPhase;
			buildActionMask = 2147483647;
			files = (
				61FD9FE014DCA9BA00161C82 /* as_atomic.cpp in Sources */,
				61FD9FE214DCA9BA00161C82 /* as_builder.cpp in Sources */,
				61FD9FE414DCA9BA00161C82 /* as_bytecode.cpp in Sources */,
				61FD9FE814DCA9BA00161C82 /* as_callfunc_arm_xcode.S in Sources */,
				61FD9FE914DCA9BA00161C82 /* as_callfunc_arm.cpp in Sources */,
				61FD9FEA14DCA9BA00161C82 /* as_callfunc_mips.cpp in Sources */,
				61FD9FEB14DCA9BA00161C82 /* as_callfunc_ppc_64.cpp in Sources */,
				61FD9FEC14DCA9BA00161C82 /* as_callfunc_ppc.cpp in Sources */,
				61FD9FED14DCA9BA00161C82 /* as_callfunc_sh4.cpp in Sources */,
				61FD9FEE14DCA9BA00161C82 /* as_callfunc_x64_gcc.cpp in Sources */,
				61FD9FF114DCA9BA00161C82 /* as_callfunc_x86.cpp in Sources */,
				61FD9FF214DCA9BA00161C82 /* as_callfunc_xenon.cpp in Sources */,
				61FD9FF314DCA9BA00161C82 /* as_callfunc.cpp in Sources */,
				61FD9FF514DCA9BA00161C82 /* as_compiler.cpp in Sources */,
				61FD9FF814DCA9BA00161C82 /* as_configgroup.cpp in Sources */,
				61FD9FFA14DCA9BA00161C82 /* as_context.cpp in Sources */,
				61FD9FFD14DCA9BA00161C82 /* as_datatype.cpp in Sources */,
				61FDA00014DCA9BA00161C82 /* as_gc.cpp in Sources */,
				61FDA00214DCA9BA00161C82 /* as_generic.cpp in Sources */,
				61FDA00414DCA9BA00161C82 /* as_globalproperty.cpp in Sources */,
				61FDA00614DCA9BA00161C82 /* as_memory.cpp in Sources */,
				61FDA00814DCA9BA00161C82 /* as_module.cpp in Sources */,
				61FDA00A14DCA9BA00161C82 /* as_objecttype.cpp in Sources */,
				61FDA00C14DCA9BA00161C82 /* as_outputbuffer.cpp in Sources */,
				61FDA00E14DCA9BA00161C82 /* as_parser.cpp in Sources */,
				61FDA01114DCA9BA00161C82 /* as_restore.cpp in Sources */,
				61FDA01314DCA9BA00161C82 /* as_scriptcode.cpp in Sources */,
				61FDA01514DCA9BA00161C82 /* as_scriptengine.cpp in Sources */,
				61FDA01714DCA9BA00161C82 /* as_scriptfunction.cpp in Sources */,
				61FDA01914DCA9BA00161C82 /* as_scriptnode.cpp in Sources */,
				61FDA01B14DCA9BA00161C82 /* as_scriptobject.cpp in Sources */,
				61FDA01D14DCA9BA00161C82 /* as_string_util.cpp in Sources */,
				61FDA01F14DCA9BA00161C82 /* as_string.cpp in Sources */,
				61FDA02214DCA9BA00161C82 /* as_thread.cpp in Sources */,
				61FDA02514DCA9BA00161C82 /* as_tokenizer.cpp in Sources */,
				61FDA02714DCA9BA00161C82 /* as_typeinfo.cpp in Sources */,
				61FDA02914DCA9BA00161C82 /* as_variablescope.cpp in Sources */,
			);
			runOnlyForDeploymentPostprocessing = 0;
		};
/* End PBXSourcesBuildPhase section */

/* Begin XCBuildConfiguration section */
		1DEB921F08733DC00010E9CD /* Debug */ = {
			isa = XCBuildConfiguration;
			buildSettings = {
				ALWAYS_SEARCH_USER_PATHS = NO;
				ARCHS = "$(ARCHS_STANDARD_32_BIT)";
				COPY_PHASE_STRIP = NO;
				DSTROOT = /tmp/angelscript.dst;
				GCC_DYNAMIC_NO_PIC = NO;
				GCC_ENABLE_FIX_AND_CONTINUE = YES;
				GCC_MODEL_TUNING = G5;
				GCC_OPTIMIZATION_LEVEL = 0;
				GCC_PRECOMPILE_PREFIX_HEADER = YES;
				GCC_PREFIX_HEADER = angelscript_Prefix.pch;
				INSTALL_PATH = /usr/local/lib;
				PRODUCT_NAME = angelscript;
			};
			name = Debug;
		};
		1DEB922008733DC00010E9CD /* Release */ = {
			isa = XCBuildConfiguration;
			buildSettings = {
				ALWAYS_SEARCH_USER_PATHS = NO;
				ARCHS = "$(ARCHS_STANDARD_32_BIT)";
				DSTROOT = /tmp/angelscript.dst;
				GCC_MODEL_TUNING = G5;
				GCC_PRECOMPILE_PREFIX_HEADER = YES;
				GCC_PREFIX_HEADER = angelscript_Prefix.pch;
				INSTALL_PATH = /usr/local/lib;
				PRODUCT_NAME = angelscript;
			};
			name = Release;
		};
		1DEB922308733DC00010E9CD /* Debug */ = {
			isa = XCBuildConfiguration;
			buildSettings = {
				ARCHS = "$(ARCHS_STANDARD_32_BIT)";
				GCC_C_LANGUAGE_STANDARD = c99;
				GCC_OPTIMIZATION_LEVEL = 0;
				GCC_WARN_ABOUT_RETURN_TYPE = YES;
				GCC_WARN_UNUSED_VARIABLE = YES;
				OTHER_LDFLAGS = "-ObjC";
				PREBINDING = NO;
				SDKROOT = iphoneos;
			};
			name = Debug;
		};
		1DEB922408733DC00010E9CD /* Release */ = {
			isa = XCBuildConfiguration;
			buildSettings = {
				ARCHS = "$(ARCHS_STANDARD_32_BIT)";
				GCC_C_LANGUAGE_STANDARD = c99;
				GCC_WARN_ABOUT_RETURN_TYPE = YES;
				GCC_WARN_UNUSED_VARIABLE = YES;
				OTHER_LDFLAGS = "-ObjC";
				PREBINDING = NO;
				SDKROOT = iphoneos;
			};
			name = Release;
		};
/* End XCBuildConfiguration section */

/* Begin XCConfigurationList section */
		1DEB921E08733DC00010E9CD /* Build configuration list for PBXNativeTarget "angelscript" */ = {
			isa = XCConfigurationList;
			buildConfigurations = (
				1DEB921F08733DC00010E9CD /* Debug */,
				1DEB922008733DC00010E9CD /* Release */,
			);
			defaultConfigurationIsVisible = 0;
			defaultConfigurationName = Release;
		};
		1DEB922208733DC00010E9CD /* Build configuration list for PBXProject "angelscript" */ = {
			isa = XCConfigurationList;
			buildConfigurations = (
				1DEB922308733DC00010E9CD /* Debug */,
				1DEB922408733DC00010E9CD /* Release */,
			);
			defaultConfigurationIsVisible = 0;
			defaultConfigurationName = Release;
		};
/* End XCConfigurationList section */
	};
	rootObject = 0867D690FE84028FC02AAC07 /* Project object */;
}
