<?xml version="1.0" encoding="UTF-8" standalone="yes" ?>
<CodeBlocks_project_file>
	<FileVersion major="1" minor="6" />
	<Project>
		<Option title="OpenDungeons" />
		<Option pch_mode="2" />
		<Option compiler="gnu_gcc_compilerdw2" />
		<Build>
			<Target title="Debug">
				<Option output="bin/Debug/OpenDungeons" prefix_auto="1" extension_auto="1" />
				<Option object_output="obj/Debug/" />
				<Option type="0" />
				<Option compiler="gnu_gcc_compilerdw2" />
				<Compiler>
					<Add option="-Wextra" />
					<Add option="-Wall" />
					<Add option="-g" />
				</Compiler>
			</Target>
			<Target title="Release">
				<Option output="bin/Release/OpenDungeons" prefix_auto="1" extension_auto="1" />
				<Option object_output="obj/Release/" />
				<Option type="0" />
				<Option compiler="gnu_gcc_compilerdw2" />
				<Compiler>
					<Add option="-O2" />
					<Add option="-w" />
				</Compiler>
				<Linker>
					<Add option="-s" />
				</Linker>
			</Target>
		</Build>
		<Compiler>
			<Add option="-std=c++11" />
			<Add directory="source" />
			<Add directory="dependencies/angelscript/angelscript" />
			<Add directory="dependencies/angelscript/angelscript/include" />
			<Add directory="od-depends/include" />
			<Add directory="od-depends/include/OGRE" />
			<Add directory="od-depends/include/boost" />
			<Add directory="od-depends/include/CEGUI" />
			<Add directory="od-depends/include/OIS" />
			<Add directory="od-depends/include/CEGUI/RendererModules/Ogre" />
			<Add directory="dependencies/angelscript/add_on/scriptarray" />
			<Add directory="dependencies/angelscript/add_on/scripthelper" />
			<Add directory="dependencies/angelscript/add_on/scriptstdstring" />
			<Add directory="dependencies/angelscript/add_on/scriptbuilder" />
			<Add directory="od-depends/include/SFML" />
			<Add directory="dependencies/tinygettext" />
		</Compiler>
		<Linker>
			<Add library="boost_system-mgw47-mt-1_51" />
			<Add library="CEGUIBase" />
			<Add library="CEGUIExpatParser" />
			<Add library="CEGUIFalagardWRBase" />
			<Add library="CEGUILuaScriptModule" />
			<Add library="CEGUIOgreRenderer" />
			<Add library="CEGUIOpenGLRenderer" />
			<Add library="CEGUISTBImageCodec" />
			<Add library="OgreMain" />
			<Add library="OgrePaging" />
			<Add library="OgreProperty" />
			<Add library="OgreRTShaderSystem" />
			<Add library="OgreTerrain" />
			<Add library="OIS" />
			<Add library="pcre" />
			<Add library="pthread" />
			<Add library="sfml-main" />
			<Add library="sfml-audio" />
			<Add library="sfml-system" />
			<Add library="wsock32" />
			<Add library="ws2_32" />
			<Add directory="od-depends/lib" />
		</Linker>
		<Unit filename="dependencies/angelscript/add_on/scriptarray/scriptarray.cpp" />
		<Unit filename="dependencies/angelscript/add_on/scriptarray/scriptarray.h" />
		<Unit filename="dependencies/angelscript/add_on/scriptbuilder/scriptbuilder.cpp" />
		<Unit filename="dependencies/angelscript/add_on/scriptbuilder/scriptbuilder.h" />
		<Unit filename="dependencies/angelscript/add_on/scripthelper/scripthelper.cpp" />
		<Unit filename="dependencies/angelscript/add_on/scripthelper/scripthelper.h" />
		<Unit filename="dependencies/angelscript/add_on/scriptstdstring/scriptstdstring.cpp" />
		<Unit filename="dependencies/angelscript/add_on/scriptstdstring/scriptstdstring.h" />
		<Unit filename="dependencies/angelscript/add_on/scriptstdstring/scriptstdstring_utils.cpp" />
		<Unit filename="dependencies/angelscript/angelscript/include/angelscript.h" />
		<Unit filename="dependencies/angelscript/angelscript/projects/BCBuilder/pch1.h" />
		<Unit filename="dependencies/angelscript/angelscript/source/as_array.h" />
		<Unit filename="dependencies/angelscript/angelscript/source/as_atomic.cpp" />
		<Unit filename="dependencies/angelscript/angelscript/source/as_atomic.h" />
		<Unit filename="dependencies/angelscript/angelscript/source/as_builder.cpp" />
		<Unit filename="dependencies/angelscript/angelscript/source/as_builder.h" />
		<Unit filename="dependencies/angelscript/angelscript/source/as_bytecode.cpp" />
		<Unit filename="dependencies/angelscript/angelscript/source/as_bytecode.h" />
		<Unit filename="dependencies/angelscript/angelscript/source/as_callfunc.cpp" />
		<Unit filename="dependencies/angelscript/angelscript/source/as_callfunc.h" />
		<Unit filename="dependencies/angelscript/angelscript/source/as_callfunc_arm.cpp" />
		<Unit filename="dependencies/angelscript/angelscript/source/as_callfunc_mips.cpp" />
		<Unit filename="dependencies/angelscript/angelscript/source/as_callfunc_ppc.cpp" />
		<Unit filename="dependencies/angelscript/angelscript/source/as_callfunc_ppc_64.cpp" />
		<Unit filename="dependencies/angelscript/angelscript/source/as_callfunc_sh4.cpp" />
		<Unit filename="dependencies/angelscript/angelscript/source/as_callfunc_x64_gcc.cpp" />
		<Unit filename="dependencies/angelscript/angelscript/source/as_callfunc_x64_mingw.cpp" />
		<Unit filename="dependencies/angelscript/angelscript/source/as_callfunc_x64_msvc.cpp" />
		<Unit filename="dependencies/angelscript/angelscript/source/as_callfunc_x86.cpp" />
		<Unit filename="dependencies/angelscript/angelscript/source/as_callfunc_xenon.cpp" />
		<Unit filename="dependencies/angelscript/angelscript/source/as_compiler.cpp" />
		<Unit filename="dependencies/angelscript/angelscript/source/as_compiler.h" />
		<Unit filename="dependencies/angelscript/angelscript/source/as_config.h" />
		<Unit filename="dependencies/angelscript/angelscript/source/as_configgroup.cpp" />
		<Unit filename="dependencies/angelscript/angelscript/source/as_configgroup.h" />
		<Unit filename="dependencies/angelscript/angelscript/source/as_context.cpp" />
		<Unit filename="dependencies/angelscript/angelscript/source/as_context.h" />
		<Unit filename="dependencies/angelscript/angelscript/source/as_criticalsection.h" />
		<Unit filename="dependencies/angelscript/angelscript/source/as_datatype.cpp" />
		<Unit filename="dependencies/angelscript/angelscript/source/as_datatype.h" />
		<Unit filename="dependencies/angelscript/angelscript/source/as_debug.h" />
		<Unit filename="dependencies/angelscript/angelscript/source/as_gc.cpp" />
		<Unit filename="dependencies/angelscript/angelscript/source/as_gc.h" />
		<Unit filename="dependencies/angelscript/angelscript/source/as_generic.cpp" />
		<Unit filename="dependencies/angelscript/angelscript/source/as_generic.h" />
		<Unit filename="dependencies/angelscript/angelscript/source/as_globalproperty.cpp" />
		<Unit filename="dependencies/angelscript/angelscript/source/as_map.h" />
		<Unit filename="dependencies/angelscript/angelscript/source/as_memory.cpp" />
		<Unit filename="dependencies/angelscript/angelscript/source/as_memory.h" />
		<Unit filename="dependencies/angelscript/angelscript/source/as_module.cpp" />
		<Unit filename="dependencies/angelscript/angelscript/source/as_module.h" />
		<Unit filename="dependencies/angelscript/angelscript/source/as_objecttype.cpp" />
		<Unit filename="dependencies/angelscript/angelscript/source/as_objecttype.h" />
		<Unit filename="dependencies/angelscript/angelscript/source/as_outputbuffer.cpp" />
		<Unit filename="dependencies/angelscript/angelscript/source/as_outputbuffer.h" />
		<Unit filename="dependencies/angelscript/angelscript/source/as_parser.cpp" />
		<Unit filename="dependencies/angelscript/angelscript/source/as_parser.h" />
		<Unit filename="dependencies/angelscript/angelscript/source/as_property.h" />
		<Unit filename="dependencies/angelscript/angelscript/source/as_restore.cpp" />
		<Unit filename="dependencies/angelscript/angelscript/source/as_restore.h" />
		<Unit filename="dependencies/angelscript/angelscript/source/as_scriptcode.cpp" />
		<Unit filename="dependencies/angelscript/angelscript/source/as_scriptcode.h" />
		<Unit filename="dependencies/angelscript/angelscript/source/as_scriptengine.cpp" />
		<Unit filename="dependencies/angelscript/angelscript/source/as_scriptengine.h" />
		<Unit filename="dependencies/angelscript/angelscript/source/as_scriptfunction.cpp" />
		<Unit filename="dependencies/angelscript/angelscript/source/as_scriptfunction.h" />
		<Unit filename="dependencies/angelscript/angelscript/source/as_scriptnode.cpp" />
		<Unit filename="dependencies/angelscript/angelscript/source/as_scriptnode.h" />
		<Unit filename="dependencies/angelscript/angelscript/source/as_scriptobject.cpp" />
		<Unit filename="dependencies/angelscript/angelscript/source/as_scriptobject.h" />
		<Unit filename="dependencies/angelscript/angelscript/source/as_string.cpp" />
		<Unit filename="dependencies/angelscript/angelscript/source/as_string.h" />
		<Unit filename="dependencies/angelscript/angelscript/source/as_string_util.cpp" />
		<Unit filename="dependencies/angelscript/angelscript/source/as_string_util.h" />
		<Unit filename="dependencies/angelscript/angelscript/source/as_symboltable.h" />
		<Unit filename="dependencies/angelscript/angelscript/source/as_texts.h" />
		<Unit filename="dependencies/angelscript/angelscript/source/as_thread.cpp" />
		<Unit filename="dependencies/angelscript/angelscript/source/as_thread.h" />
		<Unit filename="dependencies/angelscript/angelscript/source/as_tokendef.h" />
		<Unit filename="dependencies/angelscript/angelscript/source/as_tokenizer.cpp" />
		<Unit filename="dependencies/angelscript/angelscript/source/as_tokenizer.h" />
		<Unit filename="dependencies/angelscript/angelscript/source/as_typeinfo.cpp" />
		<Unit filename="dependencies/angelscript/angelscript/source/as_typeinfo.h" />
		<Unit filename="dependencies/angelscript/angelscript/source/as_variablescope.cpp" />
		<Unit filename="dependencies/angelscript/angelscript/source/as_variablescope.h" />
		<Unit filename="dependencies/dirent/dirent.h" />
		<Unit filename="dependencies/pthreads/include/pthread.h" />
		<Unit filename="dependencies/pthreads/include/sched.h" />
		<Unit filename="dependencies/pthreads/include/semaphore.h" />
		<Unit filename="dependencies/tinygettext/dictionary.cpp" />
		<Unit filename="dependencies/tinygettext/dictionary.hpp" />
		<Unit filename="dependencies/tinygettext/dictionary_manager.cpp" />
		<Unit filename="dependencies/tinygettext/dictionary_manager.hpp" />
		<Unit filename="dependencies/tinygettext/language.cpp" />
		<Unit filename="dependencies/tinygettext/language.hpp" />
		<Unit filename="dependencies/tinygettext/plural_forms.cpp" />
		<Unit filename="dependencies/tinygettext/plural_forms.hpp" />
		<Unit filename="dependencies/tinygettext/po_parser.cpp" />
		<Unit filename="dependencies/tinygettext/po_parser.hpp" />
		<Unit filename="dependencies/tinygettext/tinygettext.cpp" />
		<Unit filename="dependencies/tinygettext/tinygettext.hpp" />
		<Unit filename="dependencies/tinyxml2/tinyxml2.cpp" />
		<Unit filename="dependencies/tinyxml2/tinyxml2.h" />
		<Unit filename="source/AIFactory.cpp" />
		<Unit filename="source/AIFactory.h" />
		<Unit filename="source/AIManager.cpp" />
		<Unit filename="source/AIManager.h" />
		<Unit filename="source/AIWrapper.cpp" />
		<Unit filename="source/AIWrapper.h" />
		<Unit filename="source/ASWrapper.cpp" />
		<Unit filename="source/ASWrapper.h" />
		<Unit filename="source/AbstractApplicationMode.cpp" />
		<Unit filename="source/AbstractApplicationMode.h" />
		<Unit filename="source/AbstractGameState.cpp" />
		<Unit filename="source/AbstractGameState.h" />
		<Unit filename="source/AllGoals.h" />
		<Unit filename="source/BaseAI.cpp" />
		<Unit filename="source/BaseAI.h" />
		<Unit filename="source/Building.h" />
		<Unit filename="source/CameraManager.cpp" />
		<Unit filename="source/CameraManager.h" />
		<Unit filename="source/ChatMessage.cpp" />
		<Unit filename="source/ChatMessage.h" />
		<Unit filename="source/Client.cpp" />
		<Unit filename="source/ClientNotification.cpp" />
		<Unit filename="source/ClientNotification.h" />
		<Unit filename="source/Console.cpp" />
		<Unit filename="source/Console.h" />
		<Unit filename="source/ConsoleMode.cpp" />
		<Unit filename="source/ConsoleMode.h" />
		<Unit filename="source/Console_executePromptCommand.cpp" />
		<Unit filename="source/Console_getHelp.cpp" />
		<Unit filename="source/Creature.cpp" />
		<Unit filename="source/Creature.h" />
		<Unit filename="source/CreatureAction.cpp" />
		<Unit filename="source/CreatureAction.h" />
		<Unit filename="source/CreatureDefinition.cpp" />
		<Unit filename="source/CreatureDefinition.h" />
		<Unit filename="source/CreatureSound.cpp" />
		<Unit filename="source/CreatureSound.h" />
		<Unit filename="source/DirectionalTrap.cpp" />
		<Unit filename="source/DirectionalTrap.h" />
		<Unit filename="source/Director.cpp" />
		<Unit filename="source/Director.h" />
		<Unit filename="source/EditorContext.cpp" />
		<Unit filename="source/EditorContext.h" />
		<Unit filename="source/EditorGameState.cpp" />
		<Unit filename="source/EditorGameState.h" />
		<Unit filename="source/EditorMode.cpp" />
		<Unit filename="source/EditorMode.h" />
		<Unit filename="source/Field.cpp" />
		<Unit filename="source/Field.h" />
		<Unit filename="source/FixedPrecision.cpp" />
		<Unit filename="source/FixedPrecision.h" />
		<Unit filename="source/FppMode.cpp" />
		<Unit filename="source/FppMode.h" />
		<Unit filename="source/Functions.cpp" />
		<Unit filename="source/Functions.h" />
		<Unit filename="source/GameContext.cpp" />
		<Unit filename="source/GameContext.h" />
		<Unit filename="source/GameEntity.cpp" />
		<Unit filename="source/GameEntity.h" />
		<Unit filename="source/GameGameState.cpp" />
		<Unit filename="source/GameGameState.h" />
		<Unit filename="source/GameMap.cpp" />
		<Unit filename="source/GameMap.h" />
		<Unit filename="source/GameMode.cpp" />
		<Unit filename="source/GameMode.h" />
		<Unit filename="source/GameStateManager.cpp" />
		<Unit filename="source/GameStateManager.h" />
		<Unit filename="source/Goal.cpp" />
		<Unit filename="source/Goal.h" />
		<Unit filename="source/GoalClaimNTiles.cpp" />
		<Unit filename="source/GoalClaimNTiles.h" />
		<Unit filename="source/GoalKillAllEnemies.cpp" />
		<Unit filename="source/GoalKillAllEnemies.h" />
		<Unit filename="source/GoalMineNGold.cpp" />
		<Unit filename="source/GoalMineNGold.h" />
		<Unit filename="source/GoalProtectCreature.cpp" />
		<Unit filename="source/GoalProtectCreature.h" />
		<Unit filename="source/GoalProtectDungeonTemple.cpp" />
		<Unit filename="source/GoalProtectDungeonTemple.h" />
		<Unit filename="source/Gui.cpp" />
		<Unit filename="source/Gui.h" />
		<Unit filename="source/Helper.h" />
		<Unit filename="source/HermiteCatmullSpline.cpp" />
		<Unit filename="source/HermiteCatmullSpline.h" />
		<Unit filename="source/LogManager.cpp" />
		<Unit filename="source/LogManager.h" />
		<Unit filename="source/Logger.cpp" />
		<Unit filename="source/Logger.h" />
		<Unit filename="source/MapLight.cpp" />
		<Unit filename="source/MapLight.h" />
		<Unit filename="source/MapLoader.cpp" />
		<Unit filename="source/MapLoader.h" />
		<Unit filename="source/MenuGameState.cpp" />
		<Unit filename="source/MenuGameState.h" />
		<Unit filename="source/MenuMode.cpp" />
		<Unit filename="source/MenuMode.h" />
		<Unit filename="source/MiniMap.cpp" />
		<Unit filename="source/MiniMap.h" />
		<Unit filename="source/MissileObject.cpp" />
		<Unit filename="source/MissileObject.h" />
		<Unit filename="source/ModeContext.cpp" />
		<Unit filename="source/ModeContext.h" />
		<Unit filename="source/ModeManager.cpp" />
		<Unit filename="source/ModeManager.h" />
		<Unit filename="source/MortuaryQuad.cpp" />
		<Unit filename="source/MortuaryQuad.h" />
		<Unit filename="source/MovableGameEntity.cpp" />
		<Unit filename="source/MovableGameEntity.h" />
		<Unit filename="source/MusicPlayer.cpp" />
		<Unit filename="source/MusicPlayer.h" />
		<Unit filename="source/Network.h" />
		<Unit filename="source/NullAI.cpp" />
		<Unit filename="source/NullAI.h" />
		<Unit filename="source/ODApplication.cpp" />
		<Unit filename="source/ODApplication.h" />
		<Unit filename="source/ODFrameListener.cpp" />
		<Unit filename="source/ODFrameListener.h" />
		<Unit filename="source/Player.cpp" />
		<Unit filename="source/Player.h" />
		<Unit filename="source/PrefixTreeLL.cpp" />
		<Unit filename="source/PrefixTreeLL.h" />
		<Unit filename="source/ProtectedObject.h" />
		<Unit filename="source/ProximityTrap.cpp" />
		<Unit filename="source/ProximityTrap.h" />
		<Unit filename="source/Quadtree.cpp" />
		<Unit filename="source/Quadtree.h" />
		<Unit filename="source/RadialVector2.cpp" />
		<Unit filename="source/RadialVector2.h" />
		<Unit filename="source/Random.cpp" />
		<Unit filename="source/Random.h" />
		<Unit filename="source/RenderManager.cpp" />
		<Unit filename="source/RenderManager.h" />
		<Unit filename="source/RenderRequest.cpp" />
		<Unit filename="source/RenderRequest.h" />
		<Unit filename="source/ResourceManager.cpp" />
		<Unit filename="source/ResourceManager.h" />
		<Unit filename="source/Room.cpp" />
		<Unit filename="source/Room.h" />
		<Unit filename="source/RoomDojo.cpp" />
		<Unit filename="source/RoomDojo.h" />
		<Unit filename="source/RoomDungeonTemple.cpp" />
		<Unit filename="source/RoomDungeonTemple.h" />
		<Unit filename="source/RoomForge.cpp" />
		<Unit filename="source/RoomForge.h" />
		<Unit filename="source/RoomObject.cpp" />
		<Unit filename="source/RoomObject.h" />
		<Unit filename="source/RoomPortal.cpp" />
		<Unit filename="source/RoomPortal.h" />
		<Unit filename="source/RoomQuarters.cpp" />
		<Unit filename="source/RoomQuarters.h" />
		<Unit filename="source/RoomTreasury.cpp" />
		<Unit filename="source/RoomTreasury.h" />
		<Unit filename="source/Scenario.cpp" />
		<Unit filename="source/Scenario.h" />
		<Unit filename="source/Seat.cpp" />
		<Unit filename="source/Seat.h" />
		<Unit filename="source/Server.cpp" />
		<Unit filename="source/ServerNotification.cpp" />
		<Unit filename="source/ServerNotification.h" />
		<Unit filename="source/Sleep.h" />
		<Unit filename="source/Socket.cpp" />
		<Unit filename="source/Socket.h" />
		<Unit filename="source/SocketException.h" />
		<Unit filename="source/SoundEffectsHelper.cpp" />
		<Unit filename="source/SoundEffectsHelper.h" />
		<Unit filename="source/Spell.cpp" />
		<Unit filename="source/Spell.h" />
		<Unit filename="source/TestAI.cpp" />
		<Unit filename="source/TestAI.h" />
		<Unit filename="source/TextRenderer.cpp" />
		<Unit filename="source/TextRenderer.h" />
		<Unit filename="source/Tile.cpp" />
		<Unit filename="source/Tile.h" />
		<Unit filename="source/TileContainer.cpp" />
		<Unit filename="source/TileContainer.h" />
		<Unit filename="source/TileContainersModificator.cpp" />
		<Unit filename="source/TileContainersModificator.h" />
		<Unit filename="source/TileCoordinateMap.cpp" />
		<Unit filename="source/TileCoordinateMap.h" />
		<Unit filename="source/Translation.cpp" />
		<Unit filename="source/Translation.h" />
		<Unit filename="source/Trap.cpp" />
		<Unit filename="source/Trap.h" />
		<Unit filename="source/TrapBoulder.cpp" />
		<Unit filename="source/TrapBoulder.h" />
		<Unit filename="source/TrapCannon.cpp" />
		<Unit filename="source/TrapCannon.h" />
		<Unit filename="source/Weapon.cpp" />
		<Unit filename="source/Weapon.h" />
		<Unit filename="source/check.cpp" />
		<Unit filename="source/main.cpp" />
		<Extensions>
			<code_completion />
			<envvars />
			<debugger />
			<lib_finder disable_auto="1" />
			<DoxyBlocks>
				<comment_style block="0" line="0" />
				<doxyfile_project />
				<doxyfile_build />
				<doxyfile_warnings />
				<doxyfile_output />
				<doxyfile_dot />
				<general />
			</DoxyBlocks>
		</Extensions>
	</Project>
</CodeBlocks_project_file>
